
Microsoft Visual Studio Solution File, Format Version 12.00
# Visual Studio 14
VisualStudioVersion = 14.0.22310.1
MinimumVisualStudioVersion = 10.0.40219.1
Project("{FAE04EC0-301F-11D3-BF4B-00C04F79EFBC}") = "DLLRewriting", "DLLRewriting\DLLRewriting.csproj", "{C695390D-BFF7-4888-9153-0B6B9D8D28A5}"
EndProject
Global
	GlobalSection(SolutionConfigurationPlatforms) = preSolution
		Debug|Any CPU = Debug|Any CPU
		Release|Any CPU = Release|Any CPU
	EndGlobalSection
	GlobalSection(ProjectConfigurationPlatforms) = postSolution
		{C695390D-BFF7-4888-9153-0B6B9D8D28A5}.Debug|Any CPU.ActiveCfg = Debug|Any CPU
		{C695390D-BFF7-4888-9153-0B6B9D8D28A5}.Debug|Any CPU.Build.0 = Debug|Any CPU
		{C695390D-BFF7-4888-9153-0B6B9D8D28A5}.Release|Any CPU.ActiveCfg = Release|Any CPU
		{C695390D-BFF7-4888-9153-0B6B9D8D28A5}.Release|Any CPU.Build.0 = Release|Any CPU
	EndGlobalSection
	GlobalSection(SolutionProperties) = preSolution
		HideSolutionNode = FALSE
	EndGlobalSection
EndGlobal
